
Microsoft Visual Studio Solution File, Format Version 12.00
# Visual Studio Version 16
VisualStudioVersion = 25.0.1700.0
MinimumVisualStudioVersion = 10.0.40219.1
Project("{FAE04EC0-301F-11D3-BF4B-00C04F79EFBC}") = "Money_CLI", "Money_CLI.csproj", "{D0957FDA-C4C2-45D0-B95F-DC2C8BED6CCB}"
EndProject
Global
	GlobalSection(SolutionConfigurationPlatforms) = preSolution
		Debug|Any CPU = Debug|Any CPU
		Release|Any CPU = Release|Any CPU
	EndGlobalSection
	GlobalSection(ProjectConfigurationPlatforms) = postSolution
		{D0957FDA-C4C2-45D0-B95F-DC2C8BED6CCB}.Debug|Any CPU.ActiveCfg = Debug|Any CPU
		{D0957FDA-C4C2-45D0-B95F-DC2C8BED6CCB}.Debug|Any CPU.Build.0 = Debug|Any CPU
		{D0957FDA-C4C2-45D0-B95F-DC2C8BED6CCB}.Release|Any CPU.ActiveCfg = Release|Any CPU
		{D0957FDA-C4C2-45D0-B95F-DC2C8BED6CCB}.Release|Any CPU.Build.0 = Release|Any CPU
	EndGlobalSection
	GlobalSection(SolutionProperties) = preSolution
		HideSolutionNode = FALSE
	EndGlobalSection
	GlobalSection(ExtensibilityGlobals) = postSolution
		SolutionGuid = {3F45F0A6-2750-4152-A067-05B406157B00}
	EndGlobalSection
EndGlobal
